
Microsoft Visual Studio Solution File, Format Version 11.00
# Visual Studio 2010
Project("{FAE04EC0-301F-11D3-BF4B-00C04F79EFBC}") = "Project src", "Assembly-CSharp.csproj", "{B8C19411-554E-2230-E4C3-49B35CEE4828}"
EndProject
Global
	GlobalSection(SolutionConfigurationPlatforms) = preSolution
		Debug|Any CPU = Debug|Any CPU
		Release|Any CPU = Release|Any CPU
	EndGlobalSection
	GlobalSection(ProjectConfigurationPlatforms) = postSolution
		{B8C19411-554E-2230-E4C3-49B35CEE4828}.Debug|Any CPU.ActiveCfg = Debug|Any CPU
		{B8C19411-554E-2230-E4C3-49B35CEE4828}.Debug|Any CPU.Build.0 = Debug|Any CPU
		{B8C19411-554E-2230-E4C3-49B35CEE4828}.Release|Any CPU.ActiveCfg = Release|Any CPU
		{B8C19411-554E-2230-E4C3-49B35CEE4828}.Release|Any CPU.Build.0 = Release|Any CPU
	EndGlobalSection
	GlobalSection(SolutionProperties) = preSolution
		HideSolutionNode = FALSE
	EndGlobalSection
	GlobalSection(MonoDevelopProperties) = preSolution
		StartupItem = Assembly-CSharp.csproj
	EndGlobalSection
EndGlobal
